
Microsoft Visual Studio Solution File, Format Version 12.00
# Visual Studio Version 17
VisualStudioVersion = 17.5.33627.172
MinimumVisualStudioVersion = 10.0.40219.1
Project("{9A19103F-16F7-4668-BE54-9A1E7A4F7556}") = "GlobelError", "GlobelError\GlobelError.csproj", "{9C72567E-1D8B-4A11-84E2-EAD58993459A}"
EndProject
Global
	GlobalSection(SolutionConfigurationPlatforms) = preSolution
		Debug|Any CPU = Debug|Any CPU
		Release|Any CPU = Release|Any CPU
	EndGlobalSection
	GlobalSection(ProjectConfigurationPlatforms) = postSolution
		{9C72567E-1D8B-4A11-84E2-EAD58993459A}.Debug|Any CPU.ActiveCfg = Debug|Any CPU
		{9C72567E-1D8B-4A11-84E2-EAD58993459A}.Debug|Any CPU.Build.0 = Debug|Any CPU
		{9C72567E-1D8B-4A11-84E2-EAD58993459A}.Release|Any CPU.ActiveCfg = Release|Any CPU
		{9C72567E-1D8B-4A11-84E2-EAD58993459A}.Release|Any CPU.Build.0 = Release|Any CPU
	EndGlobalSection
	GlobalSection(SolutionProperties) = preSolution
		HideSolutionNode = FALSE
	EndGlobalSection
	GlobalSection(ExtensibilityGlobals) = postSolution
		SolutionGuid = {57D88D9A-287F-445C-AB68-D6215EAE116D}
	EndGlobalSection
EndGlobal
